hash: 635d53e919571c47b45ba2eae447a3aea01843955020d45add48d7a23c3d8652
updated: 2018-04-17T18:18:01.241321-04:00
imports:
- name: github.com/golang/glog
  version: 23def4e6c14b4da8ac2ed8007337bc5eb5007998
- name: github.com/prometheus/common
  version: 2e54d0b93cba2fd133edc32211dcc32c06ef72ca
  subpackages:
  - model
- name: github.com/songbinliu/client_prometheus
  version: 118d5ef7a0c31fe0a076587f97720b7cd55f50ff
  subpackages:
  - pkg/prometheus
testImports: []
