hash: b3f6c03e749373782b75f4b2a14045043d228389ef31768715d6bfe2cf267341
updated: 2018-04-20T11:39:59.411866-04:00
imports:
- name: github.com/golang/glog
  version: 23def4e6c14b4da8ac2ed8007337bc5eb5007998
- name: github.com/prometheus/common
  version: 2e54d0b93cba2fd133edc32211dcc32c06ef72ca
  subpackages:
  - model
- name: github.com/songbinliu/xfire
  version: 1667ae6ade0c27b7c30c514574b9bd3e886b5258
  subpackages:
  - pkg/prometheus
testImports: []
